
Microsoft Visual Studio Solution File, Format Version 12.00
# Visual Studio 2012
Project("{FAE04EC0-301F-11D3-BF4B-00C04F79EFBC}") = "Кнопка", "Обучение\Кнопка.csproj", "{EA0253A1-53B0-4CE0-97A1-FDEF1D7C8ECF}"
EndProject
Project("{FAE04EC0-301F-11D3-BF4B-00C04F79EFBC}") = "WindowsFormsApplication1", "WindowsFormsApplication1\WindowsFormsApplication1.csproj", "{255003D8-3962-421C-9167-E9F892098C84}"
EndProject
Project("{FAE04EC0-301F-11D3-BF4B-00C04F79EFBC}") = "ConsoleApplication1", "ConsoleApplication1\ConsoleApplication1.csproj", "{8A0F6C15-03E5-4AFA-AEDC-826B62C2FD4D}"
EndProject
Project("{FAE04EC0-301F-11D3-BF4B-00C04F79EFBC}") = "Квадратный корень", "Квадратный корень\Квадратный корень.csproj", "{5B8EBACD-A0D7-409A-A52B-3B2D6B56C3DC}"
EndProject
Project("{FAE04EC0-301F-11D3-BF4B-00C04F79EFBC}") = "WPF пробуем", "WPF пробуем\WPF пробуем.csproj", "{9C7074AA-0994-4766-AB75-497E3F92B059}"
EndProject
Project("{FAE04EC0-301F-11D3-BF4B-00C04F79EFBC}") = "Application", "Application\Application.csproj", "{C8568031-0005-4550-B00F-E72FA36D32A1}"
EndProject
Project("{8BC9CEB8-8B4A-11D0-8D11-00A0C91BC942}") = "Проект1", "Проект1\Проект1.vcxproj", "{B38F3364-EC2F-4281-8246-721431BF0065}"
EndProject
Project("{FAE04EC0-301F-11D3-BF4B-00C04F79EFBC}") = "TestIFNSTools", "TestIFNS\TestIFNSTools.csproj", "{C4D387B6-CD72-4D86-B336-97B9921EEF2D}"
EndProject
Project("{930C7802-8A8C-48F9-8165-68863BCCD9DD}") = "Установка", "Установка\Установка.wixproj", "{DD58A10D-F4CC-47DE-A900-6E27EBBD59AE}"
EndProject
Project("{930C7802-8A8C-48F9-8165-68863BCCD9DD}") = "TestWix", "TestWix\TestWix.wixproj", "{6066F423-7B1D-4817-AF32-9090CA5255DD}"
EndProject
Project("{FAE04EC0-301F-11D3-BF4B-00C04F79EFBC}") = "DBF", "DBF\DBF.csproj", "{FF631545-F727-42AE-BFBC-48F45B4F65A2}"
EndProject
Project("{930C7802-8A8C-48F9-8165-68863BCCD9DD}") = "SetupTestIFNS", "SetupTestIFNS\SetupTestIFNS.wixproj", "{A27682F8-BD46-49DD-869A-1F4B71A96351}"
EndProject
Project("{930C7802-8A8C-48F9-8165-68863BCCD9DD}") = "WixSetupLib", "WixSetupLib\WixSetupLib.wixproj", "{504AF9ED-4DA4-45A7-A5BC-E5FF81956081}"
EndProject
Global
	GlobalSection(SolutionConfigurationPlatforms) = preSolution
		Debug|Any CPU = Debug|Any CPU
		Debug|Mixed Platforms = Debug|Mixed Platforms
		Debug|Win32 = Debug|Win32
		Debug|x64 = Debug|x64
		Debug|x86 = Debug|x86
		Release|Any CPU = Release|Any CPU
		Release|Mixed Platforms = Release|Mixed Platforms
		Release|Win32 = Release|Win32
		Release|x64 = Release|x64
		Release|x86 = Release|x86
	EndGlobalSection
	GlobalSection(ProjectConfigurationPlatforms) = postSolution
		{EA0253A1-53B0-4CE0-97A1-FDEF1D7C8ECF}.Debug|Any CPU.ActiveCfg = Debug|Any CPU
		{EA0253A1-53B0-4CE0-97A1-FDEF1D7C8ECF}.Debug|Any CPU.Build.0 = Debug|Any CPU
		{EA0253A1-53B0-4CE0-97A1-FDEF1D7C8ECF}.Debug|Mixed Platforms.ActiveCfg = Debug|Any CPU
		{EA0253A1-53B0-4CE0-97A1-FDEF1D7C8ECF}.Debug|Mixed Platforms.Build.0 = Debug|Any CPU
		{EA0253A1-53B0-4CE0-97A1-FDEF1D7C8ECF}.Debug|Win32.ActiveCfg = Debug|Any CPU
		{EA0253A1-53B0-4CE0-97A1-FDEF1D7C8ECF}.Debug|x64.ActiveCfg = Debug|Any CPU
		{EA0253A1-53B0-4CE0-97A1-FDEF1D7C8ECF}.Debug|x86.ActiveCfg = Debug|Any CPU
		{EA0253A1-53B0-4CE0-97A1-FDEF1D7C8ECF}.Release|Any CPU.ActiveCfg = Release|Any CPU
		{EA0253A1-53B0-4CE0-97A1-FDEF1D7C8ECF}.Release|Any CPU.Build.0 = Release|Any CPU
		{EA0253A1-53B0-4CE0-97A1-FDEF1D7C8ECF}.Release|Mixed Platforms.ActiveCfg = Release|Any CPU
		{EA0253A1-53B0-4CE0-97A1-FDEF1D7C8ECF}.Release|Mixed Platforms.Build.0 = Release|Any CPU
		{EA0253A1-53B0-4CE0-97A1-FDEF1D7C8ECF}.Release|Win32.ActiveCfg = Release|Any CPU
		{EA0253A1-53B0-4CE0-97A1-FDEF1D7C8ECF}.Release|x64.ActiveCfg = Release|Any CPU
		{EA0253A1-53B0-4CE0-97A1-FDEF1D7C8ECF}.Release|x86.ActiveCfg = Release|Any CPU
		{255003D8-3962-421C-9167-E9F892098C84}.Debug|Any CPU.ActiveCfg = Debug|Any CPU
		{255003D8-3962-421C-9167-E9F892098C84}.Debug|Any CPU.Build.0 = Debug|Any CPU
		{255003D8-3962-421C-9167-E9F892098C84}.Debug|Mixed Platforms.ActiveCfg = Debug|Any CPU
		{255003D8-3962-421C-9167-E9F892098C84}.Debug|Mixed Platforms.Build.0 = Debug|Any CPU
		{255003D8-3962-421C-9167-E9F892098C84}.Debug|Win32.ActiveCfg = Debug|Any CPU
		{255003D8-3962-421C-9167-E9F892098C84}.Debug|x64.ActiveCfg = Debug|Any CPU
		{255003D8-3962-421C-9167-E9F892098C84}.Debug|x86.ActiveCfg = Debug|Any CPU
		{255003D8-3962-421C-9167-E9F892098C84}.Release|Any CPU.ActiveCfg = Release|Any CPU
		{255003D8-3962-421C-9167-E9F892098C84}.Release|Any CPU.Build.0 = Release|Any CPU
		{255003D8-3962-421C-9167-E9F892098C84}.Release|Mixed Platforms.ActiveCfg = Release|Any CPU
		{255003D8-3962-421C-9167-E9F892098C84}.Release|Mixed Platforms.Build.0 = Release|Any CPU
		{255003D8-3962-421C-9167-E9F892098C84}.Release|Win32.ActiveCfg = Release|Any CPU
		{255003D8-3962-421C-9167-E9F892098C84}.Release|x64.ActiveCfg = Release|Any CPU
		{255003D8-3962-421C-9167-E9F892098C84}.Release|x86.ActiveCfg = Release|Any CPU
		{8A0F6C15-03E5-4AFA-AEDC-826B62C2FD4D}.Debug|Any CPU.ActiveCfg = Debug|Any CPU
		{8A0F6C15-03E5-4AFA-AEDC-826B62C2FD4D}.Debug|Any CPU.Build.0 = Debug|Any CPU
		{8A0F6C15-03E5-4AFA-AEDC-826B62C2FD4D}.Debug|Mixed Platforms.ActiveCfg = Debug|Any CPU
		{8A0F6C15-03E5-4AFA-AEDC-826B62C2FD4D}.Debug|Mixed Platforms.Build.0 = Debug|Any CPU
		{8A0F6C15-03E5-4AFA-AEDC-826B62C2FD4D}.Debug|Win32.ActiveCfg = Debug|Any CPU
		{8A0F6C15-03E5-4AFA-AEDC-826B62C2FD4D}.Debug|x64.ActiveCfg = Debug|Any CPU
		{8A0F6C15-03E5-4AFA-AEDC-826B62C2FD4D}.Debug|x86.ActiveCfg = Debug|Any CPU
		{8A0F6C15-03E5-4AFA-AEDC-826B62C2FD4D}.Release|Any CPU.ActiveCfg = Release|Any CPU
		{8A0F6C15-03E5-4AFA-AEDC-826B62C2FD4D}.Release|Any CPU.Build.0 = Release|Any CPU
		{8A0F6C15-03E5-4AFA-AEDC-826B62C2FD4D}.Release|Mixed Platforms.ActiveCfg = Release|Any CPU
		{8A0F6C15-03E5-4AFA-AEDC-826B62C2FD4D}.Release|Mixed Platforms.Build.0 = Release|Any CPU
		{8A0F6C15-03E5-4AFA-AEDC-826B62C2FD4D}.Release|Win32.ActiveCfg = Release|Any CPU
		{8A0F6C15-03E5-4AFA-AEDC-826B62C2FD4D}.Release|x64.ActiveCfg = Release|Any CPU
		{8A0F6C15-03E5-4AFA-AEDC-826B62C2FD4D}.Release|x86.ActiveCfg = Release|Any CPU
		{5B8EBACD-A0D7-409A-A52B-3B2D6B56C3DC}.Debug|Any CPU.ActiveCfg = Debug|Any CPU
		{5B8EBACD-A0D7-409A-A52B-3B2D6B56C3DC}.Debug|Any CPU.Build.0 = Debug|Any CPU
		{5B8EBACD-A0D7-409A-A52B-3B2D6B56C3DC}.Debug|Mixed Platforms.ActiveCfg = Debug|Any CPU
		{5B8EBACD-A0D7-409A-A52B-3B2D6B56C3DC}.Debug|Mixed Platforms.Build.0 = Debug|Any CPU
		{5B8EBACD-A0D7-409A-A52B-3B2D6B56C3DC}.Debug|Win32.ActiveCfg = Debug|Any CPU
		{5B8EBACD-A0D7-409A-A52B-3B2D6B56C3DC}.Debug|x64.ActiveCfg = Debug|Any CPU
		{5B8EBACD-A0D7-409A-A52B-3B2D6B56C3DC}.Debug|x86.ActiveCfg = Debug|Any CPU
		{5B8EBACD-A0D7-409A-A52B-3B2D6B56C3DC}.Release|Any CPU.ActiveCfg = Release|Any CPU
		{5B8EBACD-A0D7-409A-A52B-3B2D6B56C3DC}.Release|Any CPU.Build.0 = Release|Any CPU
		{5B8EBACD-A0D7-409A-A52B-3B2D6B56C3DC}.Release|Mixed Platforms.ActiveCfg = Release|Any CPU
		{5B8EBACD-A0D7-409A-A52B-3B2D6B56C3DC}.Release|Mixed Platforms.Build.0 = Release|Any CPU
		{5B8EBACD-A0D7-409A-A52B-3B2D6B56C3DC}.Release|Win32.ActiveCfg = Release|Any CPU
		{5B8EBACD-A0D7-409A-A52B-3B2D6B56C3DC}.Release|x64.ActiveCfg = Release|Any CPU
		{5B8EBACD-A0D7-409A-A52B-3B2D6B56C3DC}.Release|x86.ActiveCfg = Release|Any CPU
		{9C7074AA-0994-4766-AB75-497E3F92B059}.Debug|Any CPU.ActiveCfg = Debug|Any CPU
		{9C7074AA-0994-4766-AB75-497E3F92B059}.Debug|Any CPU.Build.0 = Debug|Any CPU
		{9C7074AA-0994-4766-AB75-497E3F92B059}.Debug|Mixed Platforms.ActiveCfg = Debug|Any CPU
		{9C7074AA-0994-4766-AB75-497E3F92B059}.Debug|Mixed Platforms.Build.0 = Debug|Any CPU
		{9C7074AA-0994-4766-AB75-497E3F92B059}.Debug|Win32.ActiveCfg = Debug|Any CPU
		{9C7074AA-0994-4766-AB75-497E3F92B059}.Debug|x64.ActiveCfg = Debug|Any CPU
		{9C7074AA-0994-4766-AB75-497E3F92B059}.Debug|x86.ActiveCfg = Debug|Any CPU
		{9C7074AA-0994-4766-AB75-497E3F92B059}.Release|Any CPU.ActiveCfg = Release|Any CPU
		{9C7074AA-0994-4766-AB75-497E3F92B059}.Release|Any CPU.Build.0 = Release|Any CPU
		{9C7074AA-0994-4766-AB75-497E3F92B059}.Release|Mixed Platforms.ActiveCfg = Release|Any CPU
		{9C7074AA-0994-4766-AB75-497E3F92B059}.Release|Mixed Platforms.Build.0 = Release|Any CPU
		{9C7074AA-0994-4766-AB75-497E3F92B059}.Release|Win32.ActiveCfg = Release|Any CPU
		{9C7074AA-0994-4766-AB75-497E3F92B059}.Release|x64.ActiveCfg = Release|Any CPU
		{9C7074AA-0994-4766-AB75-497E3F92B059}.Release|x86.ActiveCfg = Release|Any CPU
		{C8568031-0005-4550-B00F-E72FA36D32A1}.Debug|Any CPU.ActiveCfg = Debug|Any CPU
		{C8568031-0005-4550-B00F-E72FA36D32A1}.Debug|Any CPU.Build.0 = Debug|Any CPU
		{C8568031-0005-4550-B00F-E72FA36D32A1}.Debug|Mixed Platforms.ActiveCfg = Debug|Any CPU
		{C8568031-0005-4550-B00F-E72FA36D32A1}.Debug|Mixed Platforms.Build.0 = Debug|Any CPU
		{C8568031-0005-4550-B00F-E72FA36D32A1}.Debug|Win32.ActiveCfg = Debug|Any CPU
		{C8568031-0005-4550-B00F-E72FA36D32A1}.Debug|x64.ActiveCfg = Debug|Any CPU
		{C8568031-0005-4550-B00F-E72FA36D32A1}.Debug|x86.ActiveCfg = Debug|Any CPU
		{C8568031-0005-4550-B00F-E72FA36D32A1}.Release|Any CPU.ActiveCfg = Release|Any CPU
		{C8568031-0005-4550-B00F-E72FA36D32A1}.Release|Any CPU.Build.0 = Release|Any CPU
		{C8568031-0005-4550-B00F-E72FA36D32A1}.Release|Mixed Platforms.ActiveCfg = Release|Any CPU
		{C8568031-0005-4550-B00F-E72FA36D32A1}.Release|Mixed Platforms.Build.0 = Release|Any CPU
		{C8568031-0005-4550-B00F-E72FA36D32A1}.Release|Win32.ActiveCfg = Release|Any CPU
		{C8568031-0005-4550-B00F-E72FA36D32A1}.Release|x64.ActiveCfg = Release|Any CPU
		{C8568031-0005-4550-B00F-E72FA36D32A1}.Release|x86.ActiveCfg = Release|Any CPU
		{B38F3364-EC2F-4281-8246-721431BF0065}.Debug|Any CPU.ActiveCfg = Debug|Win32
		{B38F3364-EC2F-4281-8246-721431BF0065}.Debug|Mixed Platforms.ActiveCfg = Debug|Win32
		{B38F3364-EC2F-4281-8246-721431BF0065}.Debug|Mixed Platforms.Build.0 = Debug|Win32
		{B38F3364-EC2F-4281-8246-721431BF0065}.Debug|Win32.ActiveCfg = Debug|Win32
		{B38F3364-EC2F-4281-8246-721431BF0065}.Debug|Win32.Build.0 = Debug|Win32
		{B38F3364-EC2F-4281-8246-721431BF0065}.Debug|x64.ActiveCfg = Debug|Win32
		{B38F3364-EC2F-4281-8246-721431BF0065}.Debug|x86.ActiveCfg = Debug|Win32
		{B38F3364-EC2F-4281-8246-721431BF0065}.Debug|x86.Build.0 = Debug|Win32
		{B38F3364-EC2F-4281-8246-721431BF0065}.Release|Any CPU.ActiveCfg = Release|Win32
		{B38F3364-EC2F-4281-8246-721431BF0065}.Release|Mixed Platforms.ActiveCfg = Release|Win32
		{B38F3364-EC2F-4281-8246-721431BF0065}.Release|Mixed Platforms.Build.0 = Release|Win32
		{B38F3364-EC2F-4281-8246-721431BF0065}.Release|Win32.ActiveCfg = Release|Win32
		{B38F3364-EC2F-4281-8246-721431BF0065}.Release|Win32.Build.0 = Release|Win32
		{B38F3364-EC2F-4281-8246-721431BF0065}.Release|x64.ActiveCfg = Release|Win32
		{B38F3364-EC2F-4281-8246-721431BF0065}.Release|x86.ActiveCfg = Release|Win32
		{B38F3364-EC2F-4281-8246-721431BF0065}.Release|x86.Build.0 = Release|Win32
		{C4D387B6-CD72-4D86-B336-97B9921EEF2D}.Debug|Any CPU.ActiveCfg = Debug|Any CPU
		{C4D387B6-CD72-4D86-B336-97B9921EEF2D}.Debug|Any CPU.Build.0 = Debug|Any CPU
		{C4D387B6-CD72-4D86-B336-97B9921EEF2D}.Debug|Mixed Platforms.ActiveCfg = Debug|Any CPU
		{C4D387B6-CD72-4D86-B336-97B9921EEF2D}.Debug|Mixed Platforms.Build.0 = Debug|Any CPU
		{C4D387B6-CD72-4D86-B336-97B9921EEF2D}.Debug|Win32.ActiveCfg = Debug|Any CPU
		{C4D387B6-CD72-4D86-B336-97B9921EEF2D}.Debug|x64.ActiveCfg = Debug|Any CPU
		{C4D387B6-CD72-4D86-B336-97B9921EEF2D}.Debug|x86.ActiveCfg = Debug|Any CPU
		{C4D387B6-CD72-4D86-B336-97B9921EEF2D}.Release|Any CPU.ActiveCfg = Release|Any CPU
		{C4D387B6-CD72-4D86-B336-97B9921EEF2D}.Release|Any CPU.Build.0 = Release|Any CPU
		{C4D387B6-CD72-4D86-B336-97B9921EEF2D}.Release|Mixed Platforms.ActiveCfg = Release|Any CPU
		{C4D387B6-CD72-4D86-B336-97B9921EEF2D}.Release|Mixed Platforms.Build.0 = Release|Any CPU
		{C4D387B6-CD72-4D86-B336-97B9921EEF2D}.Release|Win32.ActiveCfg = Release|Any CPU
		{C4D387B6-CD72-4D86-B336-97B9921EEF2D}.Release|x64.ActiveCfg = Release|Any CPU
		{C4D387B6-CD72-4D86-B336-97B9921EEF2D}.Release|x86.ActiveCfg = Release|Any CPU
		{DD58A10D-F4CC-47DE-A900-6E27EBBD59AE}.Debug|Any CPU.ActiveCfg = Debug|x86
		{DD58A10D-F4CC-47DE-A900-6E27EBBD59AE}.Debug|Mixed Platforms.ActiveCfg = Debug|x86
		{DD58A10D-F4CC-47DE-A900-6E27EBBD59AE}.Debug|Mixed Platforms.Build.0 = Debug|x86
		{DD58A10D-F4CC-47DE-A900-6E27EBBD59AE}.Debug|Win32.ActiveCfg = Debug|x86
		{DD58A10D-F4CC-47DE-A900-6E27EBBD59AE}.Debug|Win32.Build.0 = Debug|x86
		{DD58A10D-F4CC-47DE-A900-6E27EBBD59AE}.Debug|x64.ActiveCfg = Debug|x86
		{DD58A10D-F4CC-47DE-A900-6E27EBBD59AE}.Debug|x86.ActiveCfg = Debug|x86
		{DD58A10D-F4CC-47DE-A900-6E27EBBD59AE}.Debug|x86.Build.0 = Debug|x86
		{DD58A10D-F4CC-47DE-A900-6E27EBBD59AE}.Release|Any CPU.ActiveCfg = Release|x86
		{DD58A10D-F4CC-47DE-A900-6E27EBBD59AE}.Release|Mixed Platforms.ActiveCfg = Release|x86
		{DD58A10D-F4CC-47DE-A900-6E27EBBD59AE}.Release|Mixed Platforms.Build.0 = Release|x86
		{DD58A10D-F4CC-47DE-A900-6E27EBBD59AE}.Release|Win32.ActiveCfg = Release|x86
		{DD58A10D-F4CC-47DE-A900-6E27EBBD59AE}.Release|Win32.Build.0 = Release|x86
		{DD58A10D-F4CC-47DE-A900-6E27EBBD59AE}.Release|x64.ActiveCfg = Release|x86
		{DD58A10D-F4CC-47DE-A900-6E27EBBD59AE}.Release|x86.ActiveCfg = Release|x86
		{DD58A10D-F4CC-47DE-A900-6E27EBBD59AE}.Release|x86.Build.0 = Release|x86
		{6066F423-7B1D-4817-AF32-9090CA5255DD}.Debug|Any CPU.ActiveCfg = Debug|x86
		{6066F423-7B1D-4817-AF32-9090CA5255DD}.Debug|Mixed Platforms.ActiveCfg = Debug|x86
		{6066F423-7B1D-4817-AF32-9090CA5255DD}.Debug|Mixed Platforms.Build.0 = Debug|x86
		{6066F423-7B1D-4817-AF32-9090CA5255DD}.Debug|Win32.ActiveCfg = Debug|x86
		{6066F423-7B1D-4817-AF32-9090CA5255DD}.Debug|Win32.Build.0 = Debug|x86
		{6066F423-7B1D-4817-AF32-9090CA5255DD}.Debug|x64.ActiveCfg = Debug|x86
		{6066F423-7B1D-4817-AF32-9090CA5255DD}.Debug|x86.ActiveCfg = Debug|x86
		{6066F423-7B1D-4817-AF32-9090CA5255DD}.Debug|x86.Build.0 = Debug|x86
		{6066F423-7B1D-4817-AF32-9090CA5255DD}.Release|Any CPU.ActiveCfg = Release|x86
		{6066F423-7B1D-4817-AF32-9090CA5255DD}.Release|Mixed Platforms.ActiveCfg = Release|x86
		{6066F423-7B1D-4817-AF32-9090CA5255DD}.Release|Mixed Platforms.Build.0 = Release|x86
		{6066F423-7B1D-4817-AF32-9090CA5255DD}.Release|Win32.ActiveCfg = Release|x86
		{6066F423-7B1D-4817-AF32-9090CA5255DD}.Release|Win32.Build.0 = Release|x86
		{6066F423-7B1D-4817-AF32-9090CA5255DD}.Release|x64.ActiveCfg = Release|x86
		{6066F423-7B1D-4817-AF32-9090CA5255DD}.Release|x86.ActiveCfg = Release|x86
		{6066F423-7B1D-4817-AF32-9090CA5255DD}.Release|x86.Build.0 = Release|x86
		{FF631545-F727-42AE-BFBC-48F45B4F65A2}.Debug|Any CPU.ActiveCfg = Debug|Any CPU
		{FF631545-F727-42AE-BFBC-48F45B4F65A2}.Debug|Any CPU.Build.0 = Debug|Any CPU
		{FF631545-F727-42AE-BFBC-48F45B4F65A2}.Debug|Mixed Platforms.ActiveCfg = Debug|Any CPU
		{FF631545-F727-42AE-BFBC-48F45B4F65A2}.Debug|Mixed Platforms.Build.0 = Debug|Any CPU
		{FF631545-F727-42AE-BFBC-48F45B4F65A2}.Debug|Win32.ActiveCfg = Debug|Any CPU
		{FF631545-F727-42AE-BFBC-48F45B4F65A2}.Debug|x64.ActiveCfg = Debug|Any CPU
		{FF631545-F727-42AE-BFBC-48F45B4F65A2}.Debug|x86.ActiveCfg = Debug|x86
		{FF631545-F727-42AE-BFBC-48F45B4F65A2}.Debug|x86.Build.0 = Debug|x86
		{FF631545-F727-42AE-BFBC-48F45B4F65A2}.Release|Any CPU.ActiveCfg = Release|Any CPU
		{FF631545-F727-42AE-BFBC-48F45B4F65A2}.Release|Any CPU.Build.0 = Release|Any CPU
		{FF631545-F727-42AE-BFBC-48F45B4F65A2}.Release|Mixed Platforms.ActiveCfg = Release|Any CPU
		{FF631545-F727-42AE-BFBC-48F45B4F65A2}.Release|Mixed Platforms.Build.0 = Release|Any CPU
		{FF631545-F727-42AE-BFBC-48F45B4F65A2}.Release|Win32.ActiveCfg = Release|Any CPU
		{FF631545-F727-42AE-BFBC-48F45B4F65A2}.Release|x64.ActiveCfg = Release|Any CPU
		{FF631545-F727-42AE-BFBC-48F45B4F65A2}.Release|x86.ActiveCfg = Release|Any CPU
		{A27682F8-BD46-49DD-869A-1F4B71A96351}.Debug|Any CPU.ActiveCfg = Debug|x86
		{A27682F8-BD46-49DD-869A-1F4B71A96351}.Debug|Mixed Platforms.ActiveCfg = Debug|x86
		{A27682F8-BD46-49DD-869A-1F4B71A96351}.Debug|Mixed Platforms.Build.0 = Debug|x86
		{A27682F8-BD46-49DD-869A-1F4B71A96351}.Debug|Win32.ActiveCfg = Debug|x86
		{A27682F8-BD46-49DD-869A-1F4B71A96351}.Debug|Win32.Build.0 = Debug|x86
		{A27682F8-BD46-49DD-869A-1F4B71A96351}.Debug|x64.ActiveCfg = Debug|x86
		{A27682F8-BD46-49DD-869A-1F4B71A96351}.Debug|x86.ActiveCfg = Debug|x86
		{A27682F8-BD46-49DD-869A-1F4B71A96351}.Debug|x86.Build.0 = Debug|x86
		{A27682F8-BD46-49DD-869A-1F4B71A96351}.Release|Any CPU.ActiveCfg = Release|x86
		{A27682F8-BD46-49DD-869A-1F4B71A96351}.Release|Mixed Platforms.ActiveCfg = Release|x86
		{A27682F8-BD46-49DD-869A-1F4B71A96351}.Release|Mixed Platforms.Build.0 = Release|x86
		{A27682F8-BD46-49DD-869A-1F4B71A96351}.Release|Win32.ActiveCfg = Release|x86
		{A27682F8-BD46-49DD-869A-1F4B71A96351}.Release|Win32.Build.0 = Release|x86
		{A27682F8-BD46-49DD-869A-1F4B71A96351}.Release|x64.ActiveCfg = Release|x86
		{A27682F8-BD46-49DD-869A-1F4B71A96351}.Release|x86.ActiveCfg = Release|x86
		{A27682F8-BD46-49DD-869A-1F4B71A96351}.Release|x86.Build.0 = Release|x86
		{504AF9ED-4DA4-45A7-A5BC-E5FF81956081}.Debug|Any CPU.ActiveCfg = Debug|x86
		{504AF9ED-4DA4-45A7-A5BC-E5FF81956081}.Debug|Mixed Platforms.ActiveCfg = Debug|x86
		{504AF9ED-4DA4-45A7-A5BC-E5FF81956081}.Debug|Mixed Platforms.Build.0 = Debug|x86
		{504AF9ED-4DA4-45A7-A5BC-E5FF81956081}.Debug|Win32.ActiveCfg = Debug|x86
		{504AF9ED-4DA4-45A7-A5BC-E5FF81956081}.Debug|Win32.Build.0 = Debug|x86
		{504AF9ED-4DA4-45A7-A5BC-E5FF81956081}.Debug|x64.ActiveCfg = Debug|x86
		{504AF9ED-4DA4-45A7-A5BC-E5FF81956081}.Debug|x86.ActiveCfg = Debug|x86
		{504AF9ED-4DA4-45A7-A5BC-E5FF81956081}.Debug|x86.Build.0 = Debug|x86
		{504AF9ED-4DA4-45A7-A5BC-E5FF81956081}.Release|Any CPU.ActiveCfg = Release|x86
		{504AF9ED-4DA4-45A7-A5BC-E5FF81956081}.Release|Mixed Platforms.ActiveCfg = Release|x86
		{504AF9ED-4DA4-45A7-A5BC-E5FF81956081}.Release|Mixed Platforms.Build.0 = Release|x86
		{504AF9ED-4DA4-45A7-A5BC-E5FF81956081}.Release|Win32.ActiveCfg = Release|x86
		{504AF9ED-4DA4-45A7-A5BC-E5FF81956081}.Release|Win32.Build.0 = Release|x86
		{504AF9ED-4DA4-45A7-A5BC-E5FF81956081}.Release|x64.ActiveCfg = Release|x86
		{504AF9ED-4DA4-45A7-A5BC-E5FF81956081}.Release|x86.ActiveCfg = Release|x86
		{504AF9ED-4DA4-45A7-A5BC-E5FF81956081}.Release|x86.Build.0 = Release|x86
	EndGlobalSection
	GlobalSection(SolutionProperties) = preSolution
		HideSolutionNode = FALSE
	EndGlobalSection
EndGlobal
